
Microsoft Visual Studio Solution File, Format Version 12.00
# Visual Studio Version 17
VisualStudioVersion = 17.9.34728.123
MinimumVisualStudioVersion = 10.0.40219.1
Project("{9A19103F-16F7-4668-BE54-9A1E7A4F7556}") = "Fiu", "Fiu\Fiu.csproj", "{B6BDD1B0-82EE-4C7D-A46A-52EF2AD5D095}"
EndProject
Project("{FAE04EC0-301F-11D3-BF4B-00C04F79EFBC}") = "Fiu.Core", "Fiu.Core\Fiu.Core.csproj", "{54D5216F-7F01-48D4-BC76-7D48D02A48C2}"
EndProject
Project("{FAE04EC0-301F-11D3-BF4B-00C04F79EFBC}") = "Fiu.Data", "Fiu.Data\Fiu.Data.csproj", "{9A5FB0B5-201A-49FC-9005-770636E44DCC}"
EndProject
Project("{FAE04EC0-301F-11D3-BF4B-00C04F79EFBC}") = "Fiu.Business", "Fiu.Business\Fiu.Business.csproj", "{0B1DAA15-74D7-4D69-9205-014C60E67D9E}"
EndProject
Global
	GlobalSection(SolutionConfigurationPlatforms) = preSolution
		Debug|Any CPU = Debug|Any CPU
		Release|Any CPU = Release|Any CPU
	EndGlobalSection
	GlobalSection(ProjectConfigurationPlatforms) = postSolution
		{B6BDD1B0-82EE-4C7D-A46A-52EF2AD5D095}.Debug|Any CPU.ActiveCfg = Debug|Any CPU
		{B6BDD1B0-82EE-4C7D-A46A-52EF2AD5D095}.Debug|Any CPU.Build.0 = Debug|Any CPU
		{B6BDD1B0-82EE-4C7D-A46A-52EF2AD5D095}.Release|Any CPU.ActiveCfg = Release|Any CPU
		{B6BDD1B0-82EE-4C7D-A46A-52EF2AD5D095}.Release|Any CPU.Build.0 = Release|Any CPU
		{54D5216F-7F01-48D4-BC76-7D48D02A48C2}.Debug|Any CPU.ActiveCfg = Debug|Any CPU
		{54D5216F-7F01-48D4-BC76-7D48D02A48C2}.Debug|Any CPU.Build.0 = Debug|Any CPU
		{54D5216F-7F01-48D4-BC76-7D48D02A48C2}.Release|Any CPU.ActiveCfg = Release|Any CPU
		{54D5216F-7F01-48D4-BC76-7D48D02A48C2}.Release|Any CPU.Build.0 = Release|Any CPU
		{9A5FB0B5-201A-49FC-9005-770636E44DCC}.Debug|Any CPU.ActiveCfg = Debug|Any CPU
		{9A5FB0B5-201A-49FC-9005-770636E44DCC}.Debug|Any CPU.Build.0 = Debug|Any CPU
		{9A5FB0B5-201A-49FC-9005-770636E44DCC}.Release|Any CPU.ActiveCfg = Release|Any CPU
		{9A5FB0B5-201A-49FC-9005-770636E44DCC}.Release|Any CPU.Build.0 = Release|Any CPU
		{0B1DAA15-74D7-4D69-9205-014C60E67D9E}.Debug|Any CPU.ActiveCfg = Debug|Any CPU
		{0B1DAA15-74D7-4D69-9205-014C60E67D9E}.Debug|Any CPU.Build.0 = Debug|Any CPU
		{0B1DAA15-74D7-4D69-9205-014C60E67D9E}.Release|Any CPU.ActiveCfg = Release|Any CPU
		{0B1DAA15-74D7-4D69-9205-014C60E67D9E}.Release|Any CPU.Build.0 = Release|Any CPU
	EndGlobalSection
	GlobalSection(SolutionProperties) = preSolution
		HideSolutionNode = FALSE
	EndGlobalSection
	GlobalSection(ExtensibilityGlobals) = postSolution
		SolutionGuid = {245F0A70-851D-48DF-8C11-B9BACB360BC4}
	EndGlobalSection
EndGlobal
